
Microsoft Visual Studio Solution File, Format Version 12.00
# Visual Studio Version 16
VisualStudioVersion = 16.0.29230.47
MinimumVisualStudioVersion = 10.0.40219.1
Project("{FAE04EC0-301F-11D3-BF4B-00C04F79EFBC}") = "ShopSWE", "ShopSWE\ShopSWE.csproj", "{CECD469F-F702-4D28-B632-225AAF08516E}"
EndProject
Global
	GlobalSection(SolutionConfigurationPlatforms) = preSolution
		Debug|Any CPU = Debug|Any CPU
		Release|Any CPU = Release|Any CPU
	EndGlobalSection
	GlobalSection(ProjectConfigurationPlatforms) = postSolution
		{CECD469F-F702-4D28-B632-225AAF08516E}.Debug|Any CPU.ActiveCfg = Debug|Any CPU
		{CECD469F-F702-4D28-B632-225AAF08516E}.Debug|Any CPU.Build.0 = Debug|Any CPU
		{CECD469F-F702-4D28-B632-225AAF08516E}.Release|Any CPU.ActiveCfg = Release|Any CPU
		{CECD469F-F702-4D28-B632-225AAF08516E}.Release|Any CPU.Build.0 = Release|Any CPU
	EndGlobalSection
	GlobalSection(SolutionProperties) = preSolution
		HideSolutionNode = FALSE
	EndGlobalSection
	GlobalSection(ExtensibilityGlobals) = postSolution
		SolutionGuid = {E592E6CF-DD7A-49A3-BFA3-3B8D7EA454CC}
	EndGlobalSection
EndGlobal
